// !$*UTF8*$!
{
	archiveVersion = 1;
	classes = {
	};
	objectVersion = 50;
	objects = {

/* Begin PBXBuildFile section */
		E72358F9221FD8F700171FB7 /* AppDelegate.m in Sources */ = {isa = PBXBuildFile; fileRef = E72358F8221FD8F700171FB7 /* AppDelegate.m */; };
		E72358FC221FD8F700171FB7 /* ViewController.m in Sources */ = {isa = PBXBuildFile; fileRef = E72358FB221FD8F700171FB7 /* ViewController.m */; };
		E72358FF221FD8F700171FB7 /* Main.storyboard in Resources */ = {isa = PBXBuildFile; fileRef = E72358FD221FD8F700171FB7 /* Main.storyboard */; };
		E7235901221FD8F800171FB7 /* Assets.xcassets in Resources */ = {isa = PBXBuildFile; fileRef = E7235900221FD8F800171FB7 /* Assets.xcassets */; };
		E7235904221FD8F800171FB7 /* LaunchScreen.storyboard in Resources */ = {isa = PBXBuildFile; fileRef = E7235902221FD8F800171FB7 /* LaunchScreen.storyboard */; };
		E7235907221FD8F800171FB7 /* main.m in Sources */ = {isa = PBXBuildFile; fileRef = E7235906221FD8F800171FB7 /* main.m */; };
		E723590F221FD91A00171FB7 /* KeyChainTool.m in Sources */ = {isa = PBXBuildFile; fileRef = E723590E221FD91A00171FB7 /* KeyChainTool.m */; };
/* End PBXBuildFile section */

/* Begin PBXFileReference section */
		E72358F4221FD8F700171FB7 /* KeyChainDemo.app */ = {isa = PBXFileReference; explicitFileType = wrapper.application; includeInIndex = 0; path = KeyChainDemo.app; sourceTree = BUILT_PRODUCTS_DIR; };
		E72358F7221FD8F700171FB7 /* AppDelegate.h */ = {isa = PBXFileReference; lastKnownFileType = sourcecode.c.h; path = AppDelegate.h; sourceTree = "<group>"; };
		E72358F8221FD8F700171FB7 /* AppDelegate.m */ = {isa = PBXFileReference; lastKnownFileType = sourcecode.c.objc; path = AppDelegate.m; sourceTree = "<group>"; };
		E72358FA221FD8F700171FB7 /* ViewController.h */ = {isa = PBXFileReference; lastKnownFileType = sourcecode.c.h; path = ViewController.h; sourceTree = "<group>"; };
		E72358FB221FD8F700171FB7 /* ViewController.m */ = {isa = PBXFileReference; lastKnownFileType = sourcecode.c.objc; path = ViewController.m; sourceTree = "<group>"; };
		E72358FE221FD8F700171FB7 /* Base */ = {isa = PBXFileReference; lastKnownFileType = file.storyboard; name = Base; path = Base.lproj/Main.storyboard; sourceTree = "<group>"; };
		E7235900221FD8F800171FB7 /* Assets.xcassets */ = {isa = PBXFileReference; lastKnownFileType = folder.assetcatalog; path = Assets.xcassets; sourceTree = "<group>"; };
		E7235903221FD8F800171FB7 /* Base */ = {isa = PBXFileReference; lastKnownFileType = file.storyboard; name = Base; path = Base.lproj/LaunchScreen.storyboard; sourceTree = "<group>"; };
		E7235905221FD8F800171FB7 /* Info.plist */ = {isa = PBXFileReference; lastKnownFileType = text.plist.xml; path = Info.plist; sourceTree = "<group>"; };
		E7235906221FD8F800171FB7 /* main.m */ = {isa = PBXFileReference; lastKnownFileType = sourcecode.c.objc; path = main.m; sourceTree = "<group>"; };
		E723590D221FD91A00171FB7 /* KeyChainTool.h */ = {isa = PBXFileReference; lastKnownFileType = sourcecode.c.h; path = KeyChainTool.h; sourceTree = "<group>"; };
		E723590E221FD91A00171FB7 /* KeyChainTool.m */ = {isa = PBXFileReference; lastKnownFileType = sourcecode.c.objc; path = KeyChainTool.m; sourceTree = "<group>"; };
/* End PBXFileReference section */

/* Begin PBXFrameworksBuildPhase section */
		E72358F1221FD8F700171FB7 /* Frameworks */ = {
			isa = PBXFrameworksBuildPhase;
			buildActionMask = 2147483647;
			files = (
			);
			runOnlyForDeploymentPostprocessing = 0;
		};
/* End PBXFrameworksBuildPhase section */

/* Begin PBXGroup section */
		E72358EB221FD8F700171FB7 = {
			isa = PBXGroup;
			children = (
				E72358F6221FD8F700171FB7 /* KeyChainDemo */,
				E72358F5221FD8F700171FB7 /* Products */,
			);
			sourceTree = "<group>";
		};
		E72358F5221FD8F700171FB7 /* Products */ = {
			isa = PBXGroup;
			children = (
				E72358F4221FD8F700171FB7 /* KeyChainDemo.app */,
			);
			name = Products;
			sourceTree = "<group>";
		};
		E72358F6221FD8F700171FB7 /* KeyChainDemo */ = {
			isa = PBXGroup;
			children = (
				E72358F7221FD8F700171FB7 /* AppDelegate.h */,
				E72358F8221FD8F700171FB7 /* AppDelegate.m */,
				E72358FA221FD8F700171FB7 /* ViewController.h */,
				E72358FB221FD8F700171FB7 /* ViewController.m */,
				E723590D221FD91A00171FB7 /* KeyChainTool.h */,
				E723590E221FD91A00171FB7 /* KeyChainTool.m */,
				E72358FD221FD8F700171FB7 /* Main.storyboard */,
				E7235900221FD8F800171FB7 /* Assets.xcassets */,
				E7235902221FD8F800171FB7 /* LaunchScreen.storyboard */,
				E7235905221FD8F800171FB7 /* Info.plist */,
				E7235906221FD8F800171FB7 /* main.m */,
			);
			path = KeyChainDemo;
			sourceTree = "<group>";
		};
/* End PBXGroup section */

/* Begin PBXNativeTarget section */
		E72358F3221FD8F700171FB7 /* KeyChainDemo */ = {
			isa = PBXNativeTarget;
			buildConfigurationList = E723590A221FD8F800171FB7 /* Build configuration list for PBXNativeTarget "KeyChainDemo" */;
			buildPhases = (
				E72358F0221FD8F700171FB7 /* Sources */,
				E72358F1221FD8F700171FB7 /* Frameworks */,
				E72358F2221FD8F700171FB7 /* Resources */,
			);
			buildRules = (
			);
			dependencies = (
			);
			name = KeyChainDemo;
			productName = KeyChainDemo;
			productReference = E72358F4221FD8F700171FB7 /* KeyChainDemo.app */;
			productType = "com.apple.product-type.application";
		};
/* End PBXNativeTarget section */

/* Begin PBXProject section */
		E72358EC221FD8F700171FB7 /* Project object */ = {
			isa = PBXProject;
			attributes = {
				LastUpgradeCheck = 1000;
				ORGANIZATIONNAME = Alan;
				TargetAttributes = {
					E72358F3221FD8F700171FB7 = {
						CreatedOnToolsVersion = 10.0;
					};
				};
			};
			buildConfigurationList = E72358EF221FD8F700171FB7 /* Build configuration list for PBXProject "KeyChainDemo" */;
			compatibilityVersion = "Xcode 9.3";
			developmentRegion = en;
			hasScannedForEncodings = 0;
			knownRegions = (
				en,
				Base,
			);
			mainGroup = E72358EB221FD8F700171FB7;
			productRefGroup = E72358F5221FD8F700171FB7 /* Products */;
			projectDirPath = "";
			projectRoot = "";
			targets = (
				E72358F3221FD8F700171FB7 /* KeyChainDemo */,
			);
		};
/* End PBXProject section */

/* Begin PBXResourcesBuildPhase section */
		E72358F2221FD8F700171FB7 /* Resources */ = {
			isa = PBXResourcesBuildPhase;
			buildActionMask = 2147483647;
			files = (
				E7235904221FD8F800171FB7 /* LaunchScreen.storyboard in Resources */,
				E7235901221FD8F800171FB7 /* Assets.xcassets in Resources */,
				E72358FF221FD8F700171FB7 /* Main.storyboard in Resources */,
			);
			runOnlyForDeploymentPostprocessing = 0;
		};
/* End PBXResourcesBuildPhase section */

/* Begin PBXSourcesBuildPhase section */
		E72358F0221FD8F700171FB7 /* Sources */ = {
			isa = PBXSourcesBuildPhase;
			buildActionMask = 2147483647;
			files = (
				E72358FC221FD8F700171FB7 /* ViewController.m in Sources */,
				E7235907221FD8F800171FB7 /* main.m in Sources */,
				E72358F9221FD8F700171FB7 /* AppDelegate.m in Sources */,
				E723590F221FD91A00171FB7 /* KeyChainTool.m in Sources */,
			);
			runOnlyForDeploymentPostprocessing = 0;
		};
/* End PBXSourcesBuildPhase section */

/* Begin PBXVariantGroup section */
		E72358FD221FD8F700171FB7 /* Main.storyboard */ = {
			isa = PBXVariantGroup;
			children = (
				E72358FE221FD8F700171FB7 /* Base */,
			);
			name = Main.storyboard;
			sourceTree = "<group>";
		};
		E7235902221FD8F800171FB7 /* LaunchScreen.storyboard */ = {
			isa = PBXVariantGroup;
			children = (
				E7235903221FD8F800171FB7 /* Base */,
			);
			name = LaunchScreen.storyboard;
			sourceTree = "<group>";
		};
/* End PBXVariantGroup section */

/* Begin XCBuildConfiguration section */
		E7235908221FD8F800171FB7 /* Debug */ = {
			isa = XCBuildConfiguration;
			buildSettings = {
				ALWAYS_SEARCH_USER_PATHS = NO;
				CLANG_ANALYZER_NONNULL = YES;
				CLANG_ANALYZER_NUMBER_OBJECT_CONVERSION = YES_AGGRESSIVE;
				CLANG_CXX_LANGUAGE_STANDARD = "gnu++14";
				CLANG_CXX_LIBRARY = "libc++";
				CLANG_ENABLE_MODULES = YES;
				CLANG_ENABLE_OBJC_ARC = YES;
				CLANG_ENABLE_OBJC_WEAK = YES;
				CLANG_WARN_BLOCK_CAPTURE_AUTORELEASING = YES;
				CLANG_WARN_BOOL_CONVERSION = YES;
				CLANG_WARN_COMMA = YES;
				CLANG_WARN_CONSTANT_CONVERSION = YES;
				CLANG_WARN_DEPRECATED_OBJC_IMPLEMENTATIONS = YES;
				CLANG_WARN_DIRECT_OBJC_ISA_USAGE = YES_ERROR;
				CLANG_WARN_DOCUMENTATION_COMMENTS = YES;
				CLANG_WARN_EMPTY_BODY = YES;
				CLANG_WARN_ENUM_CONVERSION = YES;
				CLANG_WARN_INFINITE_RECURSION = YES;
				CLANG_WARN_INT_CONVERSION = YES;
				CLANG_WARN_NON_LITERAL_NULL_CONVERSION = YES;
				CLANG_WARN_OBJC_IMPLICIT_RETAIN_SELF = YES;
				CLANG_WARN_OBJC_LITERAL_CONVERSION = YES;
				CLANG_WARN_OBJC_ROOT_CLASS = YES_ERROR;
				CLANG_WARN_RANGE_LOOP_ANALYSIS = YES;
				CLANG_WARN_STRICT_PROTOTYPES = YES;
				CLANG_WARN_SUSPICIOUS_MOVE = YES;
				CLANG_WARN_UNGUARDED_AVAILABILITY = YES_AGGRESSIVE;
				CLANG_WARN_UNREACHABLE_CODE = YES;
				CLANG_WARN__DUPLICATE_METHOD_MATCH = YES;
				CODE_SIGN_IDENTITY = "iPhone Developer";
				COPY_PHASE_STRIP = NO;
				DEBUG_INFORMATION_FORMAT = dwarf;
				ENABLE_STRICT_OBJC_MSGSEND = YES;
				ENABLE_TESTABILITY = YES;
				GCC_C_LANGUAGE_STANDARD = gnu11;
				GCC_DYNAMIC_NO_PIC = NO;
				GCC_NO_COMMON_BLOCKS = YES;
				GCC_OPTIMIZATION_LEVEL = 0;
				GCC_PREPROCESSOR_DEFINITIONS = (
					"DEBUG=1",
					"$(inherited)",
				);
				GCC_WARN_64_TO_32_BIT_CONVERSION = YES;
				GCC_WARN_ABOUT_RETURN_TYPE = YES_ERROR;
				GCC_WARN_UNDECLARED_SELECTOR = YES;
				GCC_WARN_UNINITIALIZED_AUTOS = YES_AGGRESSIVE;
				GCC_WARN_UNUSED_FUNCTION = YES;
				GCC_WARN_UNUSED_VARIABLE = YES;
				IPHONEOS_DEPLOYMENT_TARGET = 12.0;
				MTL_ENABLE_DEBUG_INFO = INCLUDE_SOURCE;
				MTL_FAST_MATH = YES;
				ONLY_ACTIVE_ARCH = YES;
				SDKROOT = iphoneos;
			};
			name = Debug;
		};
		E7235909221FD8F800171FB7 /* Release */ = {
			isa = XCBuildConfiguration;
			buildSettings = {
				ALWAYS_SEARCH_USER_PATHS = NO;
				CLANG_ANALYZER_NONNULL = YES;
				CLANG_ANALYZER_NUMBER_OBJECT_CONVERSION = YES_AGGRESSIVE;
				CLANG_CXX_LANGUAGE_STANDARD = "gnu++14";
				CLANG_CXX_LIBRARY = "libc++";
				CLANG_ENABLE_MODULES = YES;
				CLANG_ENABLE_OBJC_ARC = YES;
				CLANG_ENABLE_OBJC_WEAK = YES;
				CLANG_WARN_BLOCK_CAPTURE_AUTORELEASING = YES;
				CLANG_WARN_BOOL_CONVERSION = YES;
				CLANG_WARN_COMMA = YES;
				CLANG_WARN_CONSTANT_CONVERSION = YES;
				CLANG_WARN_DEPRECATED_OBJC_IMPLEMENTATIONS = YES;
				CLANG_WARN_DIRECT_OBJC_ISA_USAGE = YES_ERROR;
				CLANG_WARN_DOCUMENTATION_COMMENTS = YES;
				CLANG_WARN_EMPTY_BODY = YES;
				CLANG_WARN_ENUM_CONVERSION = YES;
				CLANG_WARN_INFINITE_RECURSION = YES;
				CLANG_WARN_INT_CONVERSION = YES;
				CLANG_WARN_NON_LITERAL_NULL_CONVERSION = YES;
				CLANG_WARN_OBJC_IMPLICIT_RETAIN_SELF = YES;
				CLANG_WARN_OBJC_LITERAL_CONVERSION = YES;
				CLANG_WARN_OBJC_ROOT_CLASS = YES_ERROR;
				CLANG_WARN_RANGE_LOOP_ANALYSIS = YES;
				CLANG_WARN_STRICT_PROTOTYPES = YES;
				CLANG_WARN_SUSPICIOUS_MOVE = YES;
				CLANG_WARN_UNGUARDED_AVAILABILITY = YES_AGGRESSIVE;
				CLANG_WARN_UNREACHABLE_CODE = YES;
				CLANG_WARN__DUPLICATE_METHOD_MATCH = YES;
				CODE_SIGN_IDENTITY = "iPhone Developer";
				COPY_PHASE_STRIP = NO;
				DEBUG_INFORMATION_FORMAT = "dwarf-with-dsym";
				ENABLE_NS_ASSERTIONS = NO;
				ENABLE_STRICT_OBJC_MSGSEND = YES;
				GCC_C_LANGUAGE_STANDARD = gnu11;
				GCC_NO_COMMON_BLOCKS = YES;
				GCC_WARN_64_TO_32_BIT_CONVERSION = YES;
				GCC_WARN_ABOUT_RETURN_TYPE = YES_ERROR;
				GCC_WARN_UNDECLARED_SELECTOR = YES;
				GCC_WARN_UNINITIALIZED_AUTOS = YES_AGGRESSIVE;
				GCC_WARN_UNUSED_FUNCTION = YES;
				GCC_WARN_UNUSED_VARIABLE = YES;
				IPHONEOS_DEPLOYMENT_TARGET = 12.0;
				MTL_ENABLE_DEBUG_INFO = NO;
				MTL_FAST_MATH = YES;
				SDKROOT = iphoneos;
				VALIDATE_PRODUCT = YES;
			};
			name = Release;
		};
		E723590B221FD8F800171FB7 /* Debug */ = {
			isa = XCBuildConfiguration;
			buildSettings = {
				ASSETCATALOG_COMPILER_APPICON_NAME = AppIcon;
				CODE_SIGN_STYLE = Automatic;
				INFOPLIST_FILE = KeyChainDemo/Info.plist;
				LD_RUNPATH_SEARCH_PATHS = (
					"$(inherited)",
					"@executable_path/Frameworks",
				);
				PRODUCT_BUNDLE_IDENTIFIER = a.KeyChainDemo;
				PRODUCT_NAME = "$(TARGET_NAME)";
				TARGETED_DEVICE_FAMILY = "1,2";
			};
			name = Debug;
		};
		E723590C221FD8F800171FB7 /* Release */ = {
			isa = XCBuildConfiguration;
			buildSettings = {
				ASSETCATALOG_COMPILER_APPICON_NAME = AppIcon;
				CODE_SIGN_STYLE = Automatic;
				INFOPLIST_FILE = KeyChainDemo/Info.plist;
				LD_RUNPATH_SEARCH_PATHS = (
					"$(inherited)",
					"@executable_path/Frameworks",
				);
				PRODUCT_BUNDLE_IDENTIFIER = a.KeyChainDemo;
				PRODUCT_NAME = "$(TARGET_NAME)";
				TARGETED_DEVICE_FAMILY = "1,2";
			};
			name = Release;
		};
/* End XCBuildConfiguration section */

/* Begin XCConfigurationList section */
		E72358EF221FD8F700171FB7 /* Build configuration list for PBXProject "KeyChainDemo" */ = {
			isa = XCConfigurationList;
			buildConfigurations = (
				E7235908221FD8F800171FB7 /* Debug */,
				E7235909221FD8F800171FB7 /* Release */,
			);
			defaultConfigurationIsVisible = 0;
			defaultConfigurationName = Release;
		};
		E723590A221FD8F800171FB7 /* Build configuration list for PBXNativeTarget "KeyChainDemo" */ = {
			isa = XCConfigurationList;
			buildConfigurations = (
				E723590B221FD8F800171FB7 /* Debug */,
				E723590C221FD8F800171FB7 /* Release */,
			);
			defaultConfigurationIsVisible = 0;
			defaultConfigurationName = Release;
		};
/* End XCConfigurationList section */
	};
	rootObject = E72358EC221FD8F700171FB7 /* Project object */;
}
